
Microsoft Visual Studio Solution File, Format Version 12.00
# Visual Studio 15
VisualStudioVersion = 15.0.28307.136
MinimumVisualStudioVersion = 10.0.40219.1
Project("{FAE04EC0-301F-11D3-BF4B-00C04F79EFBC}") = "OneCountryWebApi", "OneCountryWebApi\OneCountryWebApi.csproj", "{D19AB50E-FA8D-495C-B4F0-818DCB6448CA}"
EndProject
Project("{FAE04EC0-301F-11D3-BF4B-00C04F79EFBC}") = "OneCountry.Data", "OneCountry.Data\OneCountry.Data.csproj", "{B981C648-B697-4D90-9F08-B7C4DC547835}"
EndProject
Global
	GlobalSection(SolutionConfigurationPlatforms) = preSolution
		Debug|Any CPU = Debug|Any CPU
		Release|Any CPU = Release|Any CPU
	EndGlobalSection
	GlobalSection(ProjectConfigurationPlatforms) = postSolution
		{D19AB50E-FA8D-495C-B4F0-818DCB6448CA}.Debug|Any CPU.ActiveCfg = Debug|Any CPU
		{D19AB50E-FA8D-495C-B4F0-818DCB6448CA}.Debug|Any CPU.Build.0 = Debug|Any CPU
		{D19AB50E-FA8D-495C-B4F0-818DCB6448CA}.Release|Any CPU.ActiveCfg = Release|Any CPU
		{D19AB50E-FA8D-495C-B4F0-818DCB6448CA}.Release|Any CPU.Build.0 = Release|Any CPU
		{B981C648-B697-4D90-9F08-B7C4DC547835}.Debug|Any CPU.ActiveCfg = Debug|Any CPU
		{B981C648-B697-4D90-9F08-B7C4DC547835}.Debug|Any CPU.Build.0 = Debug|Any CPU
		{B981C648-B697-4D90-9F08-B7C4DC547835}.Release|Any CPU.ActiveCfg = Release|Any CPU
		{B981C648-B697-4D90-9F08-B7C4DC547835}.Release|Any CPU.Build.0 = Release|Any CPU
	EndGlobalSection
	GlobalSection(SolutionProperties) = preSolution
		HideSolutionNode = FALSE
	EndGlobalSection
	GlobalSection(ExtensibilityGlobals) = postSolution
		SolutionGuid = {8764BD2D-B0C0-43FA-8C15-77703D289F04}
	EndGlobalSection
EndGlobal
